
Microsoft Visual Studio Solution File, Format Version 12.00
# Visual Studio 15
VisualStudioVersion = 15.0.27428.2037
MinimumVisualStudioVersion = 10.0.40219.1
Project("{FAE04EC0-301F-11D3-BF4B-00C04F79EFBC}") = "DockerApplication", "DockerApplication\DockerApplication.csproj", "{82FC3B5C-A524-43D8-93EC-6A67E5F26678}"
EndProject
Project("{E53339B2-1760-4266-BCC7-CA923CBCF16C}") = "docker-compose", "docker-compose.dcproj", "{673613E4-B333-4991-A21D-75E2A6460DC3}"
EndProject
Global
	GlobalSection(SolutionConfigurationPlatforms) = preSolution
		Debug|Any CPU = Debug|Any CPU
		Release|Any CPU = Release|Any CPU
	EndGlobalSection
	GlobalSection(ProjectConfigurationPlatforms) = postSolution
		{82FC3B5C-A524-43D8-93EC-6A67E5F26678}.Debug|Any CPU.ActiveCfg = Debug|Any CPU
		{82FC3B5C-A524-43D8-93EC-6A67E5F26678}.Debug|Any CPU.Build.0 = Debug|Any CPU
		{82FC3B5C-A524-43D8-93EC-6A67E5F26678}.Release|Any CPU.ActiveCfg = Release|Any CPU
		{82FC3B5C-A524-43D8-93EC-6A67E5F26678}.Release|Any CPU.Build.0 = Release|Any CPU
		{673613E4-B333-4991-A21D-75E2A6460DC3}.Debug|Any CPU.ActiveCfg = Debug|Any CPU
		{673613E4-B333-4991-A21D-75E2A6460DC3}.Debug|Any CPU.Build.0 = Debug|Any CPU
		{673613E4-B333-4991-A21D-75E2A6460DC3}.Release|Any CPU.ActiveCfg = Release|Any CPU
		{673613E4-B333-4991-A21D-75E2A6460DC3}.Release|Any CPU.Build.0 = Release|Any CPU
	EndGlobalSection
	GlobalSection(SolutionProperties) = preSolution
		HideSolutionNode = FALSE
	EndGlobalSection
	GlobalSection(ExtensibilityGlobals) = postSolution
		SolutionGuid = {F3DE39DE-2B34-4484-AFCC-FB71027249CB}
	EndGlobalSection
EndGlobal
